
Microsoft Visual Studio Solution File, Format Version 12.00
# Visual Studio Version 16
VisualStudioVersion = 16.0.30804.86
MinimumVisualStudioVersion = 10.0.40219.1
Project("{FAE04EC0-301F-11D3-BF4B-00C04F79EFBC}") = "StackQueue2021", "StackQueue2021\StackQueue2021.csproj", "{7D7F4EBA-5706-4DE8-8773-A950C56CA79F}"
EndProject
Global
	GlobalSection(SolutionConfigurationPlatforms) = preSolution
		Debug|Any CPU = Debug|Any CPU
		Release|Any CPU = Release|Any CPU
	EndGlobalSection
	GlobalSection(ProjectConfigurationPlatforms) = postSolution
		{7D7F4EBA-5706-4DE8-8773-A950C56CA79F}.Debug|Any CPU.ActiveCfg = Debug|Any CPU
		{7D7F4EBA-5706-4DE8-8773-A950C56CA79F}.Debug|Any CPU.Build.0 = Debug|Any CPU
		{7D7F4EBA-5706-4DE8-8773-A950C56CA79F}.Release|Any CPU.ActiveCfg = Release|Any CPU
		{7D7F4EBA-5706-4DE8-8773-A950C56CA79F}.Release|Any CPU.Build.0 = Release|Any CPU
	EndGlobalSection
	GlobalSection(SolutionProperties) = preSolution
		HideSolutionNode = FALSE
	EndGlobalSection
	GlobalSection(ExtensibilityGlobals) = postSolution
		SolutionGuid = {33C86039-D72C-48F0-8318-FAEC58C06306}
	EndGlobalSection
EndGlobal
